{
    "_meta": {
        "hash": {
            "sha256": "8562dc945589395703167b8173632cbcc131feaf81556e81eabbecb6c94f53f8"
        },
        "pipfile-spec": 6,
        "requires": {
            "python_version": "3.6"
        },
        "sources": [
            {
                "name": "pypi",
                "url": "https://pypi.org/simple",
                "verify_ssl": true
            }
        ]
    },
    "default": {
        "pymaybe": {
            "hashes": [
                "sha256:01d0f71b98e1c155ecfecd9db44ce49f37ae374b5cb8f1d27c0ee00c3d7aa4dd",
                "sha256:77ed1602e1b9e8b05dccd0d84891ede4ee2004728170e52af7f9c08d4c62378c"
            ],
            "index": "pypi",
            "version": "==0.1.6"
        },
        "tabulate": {
            "hashes": [
                "sha256:ac64cb76d53b1231d364babcd72abbb16855adac7de6665122f97b593f1eb2ba",
                "sha256:db2723a20d04bcda8522165c73eea7c300eda74e0ce852d9022e0159d7895007"
            ],
            "index": "pypi",
            "version": "==0.8.7"
        }
    },
    "develop": {}
}
